PODS:
  - Alamofire (4.7.2)
  - Hero (1.2.0)
  - Kingfisher (4.8.0)
  - PhoneNumberKit (2.1.0):
    - PhoneNumberKit/PhoneNumberKitCore (= 2.1.0)
    - PhoneNumberKit/UIKit (= 2.1.0)
  - PhoneNumberKit/PhoneNumberKitCore (2.1.0)
  - PhoneNumberKit/UIKit (2.1.0):
    - PhoneNumberKit/PhoneNumberKitCore
  - pop (1.0.10)
  - QRCode (2.0)
  - SimpleImageViewer (1.1.1)
  - SnapKit (4.0.0)
  - Spring (1.0.5)
  - SwiftIcons (2.0.1)
  - SwiftKeychainWrapper (3.0.1)
  - SwiftSpinner (1.5.0)
  - SwiftyJSON (4.1.0)
  - TweenKit (0.3.1)
  - UIColor_Hex_Swift (4.0.1)

DEPENDENCIES:
  - Alamofire
  - Hero
  - Kingfisher
  - PhoneNumberKit (~> 2.1)
  - pop
  - QRCode
  - SimpleImageViewer
  - SnapKit (~> 4.0.0)
  - Spring (from `https://github.com/MengTo/Spring.git`)
  - SwiftIcons
  - SwiftKeychainWrapper
  - SwiftSpinner
  - SwiftyJSON
  - TweenKit
  - UIColor_Hex_Swift

SPEC REPOS:
  https://github.com/cocoapods/specs.git:
    - Alamofire
    - Hero
    - Kingfisher
    - PhoneNumberKit
    - pop
    - QRCode
    - SimpleImageViewer
    - SnapKit
    - SwiftIcons
    - SwiftKeychainWrapper
    - SwiftSpinner
    - SwiftyJSON
    - TweenKit
    - UIColor_Hex_Swift

EXTERNAL SOURCES:
  Spring:
    :git: https://github.com/MengTo/Spring.git

CHECKOUT OPTIONS:
  Spring:
    :commit: c540239f3590bbaf4a35c3959c329dd5ed4e3eee
    :git: https://github.com/MengTo/Spring.git

SPEC CHECKSUMS:
  Alamofire: e4fa87002c137ba2d8d634d2c51fabcda0d5c223
  Hero: 33dadf2cd1c98af71e213dcbc2902e6e03622a4e
  Kingfisher: 976d828df2b24834c6a3f2fc4d82cdbd26552be1
  PhoneNumberKit: 62003f40ff75315fd3738286558bc365365ac222
  pop: 82ca6b068ce9278fd350fd9dd09482a0ce9492e6
  QRCode: f98a1886c8f37523704a7512a4c0cd45b34c18a4
  SimpleImageViewer: 34c3a2cde2d9ac022146772cefc27fca14b0c8b1
  SnapKit: a42d492c16e80209130a3379f73596c3454b7694
  Spring: 3c7666eccefdeb87140008dc81043f89f8dbb787
  SwiftIcons: e475a56ae2c2da40672dbf16061ca5dd5cee7dbb
  SwiftKeychainWrapper: 38952a3636320ae61bad3513cadd870929de7a4a
  SwiftSpinner: 4c058c7a1d6b444dd2e1d70988ead40783097133
  SwiftyJSON: c29297daf073d2aa016295d5809cdd68045c39b3
  TweenKit: eae162e1c18598ffd09097c3fc628fbc62036742
  UIColor_Hex_Swift: c5ff88470499383b8fd85302d59344bb24ba9436

PODFILE CHECKSUM: 2dd862ea80ceba6d14defc485a2e117bfa473f45

COCOAPODS: 1.5.3
